
Microsoft Visual Studio Solution File, Format Version 12.00
# Visual Studio Version 17
VisualStudioVersion = 17.6.33829.357
MinimumVisualStudioVersion = 10.0.40219.1
Project("{FAE04EC0-301F-11D3-BF4B-00C04F79EFBC}") = "Server", "Server\Server.csproj", "{EC20FA81-A732-4FF9-999F-26A62512B87D}"
EndProject
Global
	GlobalSection(SolutionConfigurationPlatforms) = preSolution
		Debug|Any CPU = Debug|Any CPU
		Release|Any CPU = Release|Any CPU
	EndGlobalSection
	GlobalSection(ProjectConfigurationPlatforms) = postSolution
		{EC20FA81-A732-4FF9-999F-26A62512B87D}.Debug|Any CPU.ActiveCfg = Debug|Any CPU
		{EC20FA81-A732-4FF9-999F-26A62512B87D}.Debug|Any CPU.Build.0 = Debug|Any CPU
		{EC20FA81-A732-4FF9-999F-26A62512B87D}.Release|Any CPU.ActiveCfg = Release|Any CPU
		{EC20FA81-A732-4FF9-999F-26A62512B87D}.Release|Any CPU.Build.0 = Release|Any CPU
	EndGlobalSection
	GlobalSection(SolutionProperties) = preSolution
		HideSolutionNode = FALSE
	EndGlobalSection
	GlobalSection(ExtensibilityGlobals) = postSolution
		SolutionGuid = {62E40095-3C53-4EA1-9E4A-BE20FE5F1140}
	EndGlobalSection
EndGlobal
